// !$*UTF8*$!
{
	archiveVersion = 1;
	classes = {
	};
	objectVersion = 55;
	objects = {

/* Begin PBXBuildFile section */
		0DB8A2EA60B2AA5BB2A060DB /* Pods_Weather_App_tech.framework in Frameworks */ = {isa = PBXBuildFile; fileRef = 83567977C641DB7A5B57DE3C /* Pods_Weather_App_tech.framework */; };
		E457E6862805BAC300684D1C /* NetworkManager.swift in Sources */ = {isa = PBXBuildFile; fileRef = E457E6852805BAC300684D1C /* NetworkManager.swift */; };
		E457E6882805BB7500684D1C /* WeatherModel.swift in Sources */ = {isa = PBXBuildFile; fileRef = E457E6872805BB7500684D1C /* WeatherModel.swift */; };
		E457E68A2805DA0C00684D1C /* WeatherInfoViewController.swift in Sources */ = {isa = PBXBuildFile; fileRef = E457E6892805DA0C00684D1C /* WeatherInfoViewController.swift */; };
		E457E68F2806482000684D1C /* WeatherCell.swift in Sources */ = {isa = PBXBuildFile; fileRef = E457E68E2806482000684D1C /* WeatherCell.swift */; };
		E4A92AC42805A4B00066B49A /* AppDelegate.swift in Sources */ = {isa = PBXBuildFile; fileRef = E4A92AC32805A4B00066B49A /* AppDelegate.swift */; };
		E4A92ACD2805A4B10066B49A /* Assets.xcassets in Resources */ = {isa = PBXBuildFile; fileRef = E4A92ACC2805A4B10066B49A /* Assets.xcassets */; };
		E4A92AD02805A4B10066B49A /* LaunchScreen.storyboard in Resources */ = {isa = PBXBuildFile; fileRef = E4A92ACE2805A4B10066B49A /* LaunchScreen.storyboard */; };
		E4A92AD82805AB450066B49A /* WeatherTableViewController.swift in Sources */ = {isa = PBXBuildFile; fileRef = E4A92AD72805AB450066B49A /* WeatherTableViewController.swift */; };
		E4D9ADCF28083B2D005E0A4D /* LocationWeatherModel.swift in Sources */ = {isa = PBXBuildFile; fileRef = E4D9ADCE28083B2D005E0A4D /* LocationWeatherModel.swift */; };
		E4D9ADD328084AD1005E0A4D /* TabBarViewController.swift in Sources */ = {isa = PBXBuildFile; fileRef = E4D9ADD228084AD1005E0A4D /* TabBarViewController.swift */; };
/* End PBXBuildFile section */

/* Begin PBXFileReference section */
		4DACE5E0D85BCBC1B0493137 /* Pods-Weather App tech.debug.xcconfig */ = {isa = PBXFileReference; includeInIndex = 1; lastKnownFileType = text.xcconfig; name = "Pods-Weather App tech.debug.xcconfig"; path = "Target Support Files/Pods-Weather App tech/Pods-Weather App tech.debug.xcconfig"; sourceTree = "<group>"; };
		83567977C641DB7A5B57DE3C /* Pods_Weather_App_tech.framework */ = {isa = PBXFileReference; explicitFileType = wrapper.framework; includeInIndex = 0; path = Pods_Weather_App_tech.framework; sourceTree = BUILT_PRODUCTS_DIR; };
		DCA3D5F8867F3F4F5E3564AB /* Pods-Weather App tech.release.xcconfig */ = {isa = PBXFileReference; includeInIndex = 1; lastKnownFileType = text.xcconfig; name = "Pods-Weather App tech.release.xcconfig"; path = "Target Support Files/Pods-Weather App tech/Pods-Weather App tech.release.xcconfig"; sourceTree = "<group>"; };
		E457E6852805BAC300684D1C /* NetworkManager.swift */ = {isa = PBXFileReference; lastKnownFileType = sourcecode.swift; path = NetworkManager.swift; sourceTree = "<group>"; };
		E457E6872805BB7500684D1C /* WeatherModel.swift */ = {isa = PBXFileReference; lastKnownFileType = sourcecode.swift; path = WeatherModel.swift; sourceTree = "<group>"; };
		E457E6892805DA0C00684D1C /* WeatherInfoViewController.swift */ = {isa = PBXFileReference; lastKnownFileType = sourcecode.swift; path = WeatherInfoViewController.swift; sourceTree = "<group>"; };
		E457E68E2806482000684D1C /* WeatherCell.swift */ = {isa = PBXFileReference; lastKnownFileType = sourcecode.swift; path = WeatherCell.swift; sourceTree = "<group>"; };
		E4A92AC02805A4B00066B49A /* Weather App tech.app */ = {isa = PBXFileReference; explicitFileType = wrapper.application; includeInIndex = 0; path = "Weather App tech.app"; sourceTree = BUILT_PRODUCTS_DIR; };
		E4A92AC32805A4B00066B49A /* AppDelegate.swift */ = {isa = PBXFileReference; lastKnownFileType = sourcecode.swift; path = AppDelegate.swift; sourceTree = "<group>"; };
		E4A92ACC2805A4B10066B49A /* Assets.xcassets */ = {isa = PBXFileReference; lastKnownFileType = folder.assetcatalog; path = Assets.xcassets; sourceTree = "<group>"; };
		E4A92ACF2805A4B10066B49A /* Base */ = {isa = PBXFileReference; lastKnownFileType = file.storyboard; name = Base; path = Base.lproj/LaunchScreen.storyboard; sourceTree = "<group>"; };
		E4A92AD12805A4B10066B49A /* Info.plist */ = {isa = PBXFileReference; lastKnownFileType = text.plist.xml; path = Info.plist; sourceTree = "<group>"; };
		E4A92AD72805AB450066B49A /* WeatherTableViewController.swift */ = {isa = PBXFileReference; lastKnownFileType = sourcecode.swift; path = WeatherTableViewController.swift; sourceTree = "<group>"; };
		E4D9ADCE28083B2D005E0A4D /* LocationWeatherModel.swift */ = {isa = PBXFileReference; lastKnownFileType = sourcecode.swift; path = LocationWeatherModel.swift; sourceTree = "<group>"; };
		E4D9ADD228084AD1005E0A4D /* TabBarViewController.swift */ = {isa = PBXFileReference; lastKnownFileType = sourcecode.swift; path = TabBarViewController.swift; sourceTree = "<group>"; };
/* End PBXFileReference section */

/* Begin PBXFrameworksBuildPhase section */
		E4A92ABD2805A4B00066B49A /* Frameworks */ = {
			isa = PBXFrameworksBuildPhase;
			buildActionMask = 2147483647;
			files = (
				0DB8A2EA60B2AA5BB2A060DB /* Pods_Weather_App_tech.framework in Frameworks */,
			);
			runOnlyForDeploymentPostprocessing = 0;
		};
/* End PBXFrameworksBuildPhase section */

/* Begin PBXGroup section */
		5E4F6EF39E8AF97728956934 /* Pods */ = {
			isa = PBXGroup;
			children = (
				4DACE5E0D85BCBC1B0493137 /* Pods-Weather App tech.debug.xcconfig */,
				DCA3D5F8867F3F4F5E3564AB /* Pods-Weather App tech.release.xcconfig */,
			);
			path = Pods;
			sourceTree = "<group>";
		};
		941A5F14E5779CDDD29ED69E /* Frameworks */ = {
			isa = PBXGroup;
			children = (
				83567977C641DB7A5B57DE3C /* Pods_Weather_App_tech.framework */,
			);
			name = Frameworks;
			sourceTree = "<group>";
		};
		E41455132808893800AC6BBE /* Models */ = {
			isa = PBXGroup;
			children = (
				E457E6872805BB7500684D1C /* WeatherModel.swift */,
				E4D9ADCE28083B2D005E0A4D /* LocationWeatherModel.swift */,
			);
			path = Models;
			sourceTree = "<group>";
		};
		E457E68D2806473300684D1C /* ViewControllers */ = {
			isa = PBXGroup;
			children = (
				E4A92AD72805AB450066B49A /* WeatherTableViewController.swift */,
				E457E6892805DA0C00684D1C /* WeatherInfoViewController.swift */,
				E4D9ADD228084AD1005E0A4D /* TabBarViewController.swift */,
				E457E68E2806482000684D1C /* WeatherCell.swift */,
			);
			path = ViewControllers;
			sourceTree = "<group>";
		};
		E4A92AB72805A4B00066B49A = {
			isa = PBXGroup;
			children = (
				E4A92AC22805A4B00066B49A /* Weather App tech */,
				E4A92AC12805A4B00066B49A /* Products */,
				5E4F6EF39E8AF97728956934 /* Pods */,
				941A5F14E5779CDDD29ED69E /* Frameworks */,
			);
			sourceTree = "<group>";
		};
		E4A92AC12805A4B00066B49A /* Products */ = {
			isa = PBXGroup;
			children = (
				E4A92AC02805A4B00066B49A /* Weather App tech.app */,
			);
			name = Products;
			sourceTree = "<group>";
		};
		E4A92AC22805A4B00066B49A /* Weather App tech */ = {
			isa = PBXGroup;
			children = (
				E4A92AC32805A4B00066B49A /* AppDelegate.swift */,
				E457E68D2806473300684D1C /* ViewControllers */,
				E4D9ADC928083268005E0A4D /* Managers */,
				E41455132808893800AC6BBE /* Models */,
				E4A92ACC2805A4B10066B49A /* Assets.xcassets */,
				E4A92ACE2805A4B10066B49A /* LaunchScreen.storyboard */,
				E4A92AD12805A4B10066B49A /* Info.plist */,
			);
			path = "Weather App tech";
			sourceTree = "<group>";
		};
		E4D9ADC928083268005E0A4D /* Managers */ = {
			isa = PBXGroup;
			children = (
				E457E6852805BAC300684D1C /* NetworkManager.swift */,
			);
			path = Managers;
			sourceTree = "<group>";
		};
/* End PBXGroup section */

/* Begin PBXNativeTarget section */
		E4A92ABF2805A4B00066B49A /* Weather App tech */ = {
			isa = PBXNativeTarget;
			buildConfigurationList = E4A92AD42805A4B10066B49A /* Build configuration list for PBXNativeTarget "Weather App tech" */;
			buildPhases = (
				13A3719BF469230AD8662873 /* [CP] Check Pods Manifest.lock */,
				E4A92ABC2805A4B00066B49A /* Sources */,
				E4A92ABD2805A4B00066B49A /* Frameworks */,
				E4A92ABE2805A4B00066B49A /* Resources */,
				AA729A8499E53209A982A63D /* [CP] Embed Pods Frameworks */,
			);
			buildRules = (
			);
			dependencies = (
			);
			name = "Weather App tech";
			productName = "Weather App tech";
			productReference = E4A92AC02805A4B00066B49A /* Weather App tech.app */;
			productType = "com.apple.product-type.application";
		};
/* End PBXNativeTarget section */

/* Begin PBXProject section */
		E4A92AB82805A4B00066B49A /* Project object */ = {
			isa = PBXProject;
			attributes = {
				BuildIndependentTargetsInParallel = 1;
				LastSwiftUpdateCheck = 1330;
				LastUpgradeCheck = 1330;
				TargetAttributes = {
					E4A92ABF2805A4B00066B49A = {
						CreatedOnToolsVersion = 13.3;
					};
				};
			};
			buildConfigurationList = E4A92ABB2805A4B00066B49A /* Build configuration list for PBXProject "Weather App tech" */;
			compatibilityVersion = "Xcode 13.0";
			developmentRegion = en;
			hasScannedForEncodings = 0;
			knownRegions = (
				en,
				Base,
			);
			mainGroup = E4A92AB72805A4B00066B49A;
			productRefGroup = E4A92AC12805A4B00066B49A /* Products */;
			projectDirPath = "";
			projectRoot = "";
			targets = (
				E4A92ABF2805A4B00066B49A /* Weather App tech */,
			);
		};
/* End PBXProject section */

/* Begin PBXResourcesBuildPhase section */
		E4A92ABE2805A4B00066B49A /* Resources */ = {
			isa = PBXResourcesBuildPhase;
			buildActionMask = 2147483647;
			files = (
				E4A92AD02805A4B10066B49A /* LaunchScreen.storyboard in Resources */,
				E4A92ACD2805A4B10066B49A /* Assets.xcassets in Resources */,
			);
			runOnlyForDeploymentPostprocessing = 0;
		};
/* End PBXResourcesBuildPhase section */

/* Begin PBXShellScriptBuildPhase section */
		13A3719BF469230AD8662873 /* [CP] Check Pods Manifest.lock */ = {
			isa = PBXShellScriptBuildPhase;
			buildActionMask = 2147483647;
			files = (
			);
			inputFileListPaths = (
			);
			inputPaths = (
				"${PODS_PODFILE_DIR_PATH}/Podfile.lock",
				"${PODS_ROOT}/Manifest.lock",
			);
			name = "[CP] Check Pods Manifest.lock";
			outputFileListPaths = (
			);
			outputPaths = (
				"$(DERIVED_FILE_DIR)/Pods-Weather App tech-checkManifestLockResult.txt",
			);
			runOnlyForDeploymentPostprocessing = 0;
			shellPath = /bin/sh;
			shellScript = "diff \"${PODS_PODFILE_DIR_PATH}/Podfile.lock\" \"${PODS_ROOT}/Manifest.lock\" > /dev/null\nif [ $? != 0 ] ; then\n    # print error to STDERR\n    echo \"error: The sandbox is not in sync with the Podfile.lock. Run 'pod install' or update your CocoaPods installation.\" >&2\n    exit 1\nfi\n# This output is used by Xcode 'outputs' to avoid re-running this script phase.\necho \"SUCCESS\" > \"${SCRIPT_OUTPUT_FILE_0}\"\n";
			showEnvVarsInLog = 0;
		};
		AA729A8499E53209A982A63D /* [CP] Embed Pods Frameworks */ = {
			isa = PBXShellScriptBuildPhase;
			buildActionMask = 2147483647;
			files = (
			);
			inputFileListPaths = (
				"${PODS_ROOT}/Target Support Files/Pods-Weather App tech/Pods-Weather App tech-frameworks-${CONFIGURATION}-input-files.xcfilelist",
			);
			name = "[CP] Embed Pods Frameworks";
			outputFileListPaths = (
				"${PODS_ROOT}/Target Support Files/Pods-Weather App tech/Pods-Weather App tech-frameworks-${CONFIGURATION}-output-files.xcfilelist",
			);
			runOnlyForDeploymentPostprocessing = 0;
			shellPath = /bin/sh;
			shellScript = "\"${PODS_ROOT}/Target Support Files/Pods-Weather App tech/Pods-Weather App tech-frameworks.sh\"\n";
			showEnvVarsInLog = 0;
		};
/* End PBXShellScriptBuildPhase section */

/* Begin PBXSourcesBuildPhase section */
		E4A92ABC2805A4B00066B49A /* Sources */ = {
			isa = PBXSourcesBuildPhase;
			buildActionMask = 2147483647;
			files = (
				E457E6862805BAC300684D1C /* NetworkManager.swift in Sources */,
				E457E68A2805DA0C00684D1C /* WeatherInfoViewController.swift in Sources */,
				E4A92AC42805A4B00066B49A /* AppDelegate.swift in Sources */,
				E4D9ADD328084AD1005E0A4D /* TabBarViewController.swift in Sources */,
				E457E6882805BB7500684D1C /* WeatherModel.swift in Sources */,
				E4A92AD82805AB450066B49A /* WeatherTableViewController.swift in Sources */,
				E457E68F2806482000684D1C /* WeatherCell.swift in Sources */,
				E4D9ADCF28083B2D005E0A4D /* LocationWeatherModel.swift in Sources */,
			);
			runOnlyForDeploymentPostprocessing = 0;
		};
/* End PBXSourcesBuildPhase section */

/* Begin PBXVariantGroup section */
		E4A92ACE2805A4B10066B49A /* LaunchScreen.storyboard */ = {
			isa = PBXVariantGroup;
			children = (
				E4A92ACF2805A4B10066B49A /* Base */,
			);
			name = LaunchScreen.storyboard;
			sourceTree = "<group>";
		};
/* End PBXVariantGroup section */

/* Begin XCBuildConfiguration section */
		E4A92AD22805A4B10066B49A /* Debug */ = {
			isa = XCBuildConfiguration;
			buildSettings = {
				ALWAYS_SEARCH_USER_PATHS = NO;
				CLANG_ANALYZER_NONNULL = YES;
				CLANG_ANALYZER_NUMBER_OBJECT_CONVERSION = YES_AGGRESSIVE;
				CLANG_CXX_LANGUAGE_STANDARD = "gnu++17";
				CLANG_ENABLE_MODULES = YES;
				CLANG_ENABLE_OBJC_ARC = YES;
				CLANG_ENABLE_OBJC_WEAK = YES;
				CLANG_WARN_BLOCK_CAPTURE_AUTORELEASING = YES;
				CLANG_WARN_BOOL_CONVERSION = YES;
				CLANG_WARN_COMMA = YES;
				CLANG_WARN_CONSTANT_CONVERSION = YES;
				CLANG_WARN_DEPRECATED_OBJC_IMPLEMENTATIONS = YES;
				CLANG_WARN_DIRECT_OBJC_ISA_USAGE = YES_ERROR;
				CLANG_WARN_DOCUMENTATION_COMMENTS = YES;
				CLANG_WARN_EMPTY_BODY = YES;
				CLANG_WARN_ENUM_CONVERSION = YES;
				CLANG_WARN_INFINITE_RECURSION = YES;
				CLANG_WARN_INT_CONVERSION = YES;
				CLANG_WARN_NON_LITERAL_NULL_CONVERSION = YES;
				CLANG_WARN_OBJC_IMPLICIT_RETAIN_SELF = YES;
				CLANG_WARN_OBJC_LITERAL_CONVERSION = YES;
				CLANG_WARN_OBJC_ROOT_CLASS = YES_ERROR;
				CLANG_WARN_QUOTED_INCLUDE_IN_FRAMEWORK_HEADER = YES;
				CLANG_WARN_RANGE_LOOP_ANALYSIS = YES;
				CLANG_WARN_STRICT_PROTOTYPES = YES;
				CLANG_WARN_SUSPICIOUS_MOVE = YES;
				CLANG_WARN_UNGUARDED_AVAILABILITY = YES_AGGRESSIVE;
				CLANG_WARN_UNREACHABLE_CODE = YES;
				CLANG_WARN__DUPLICATE_METHOD_MATCH = YES;
				COPY_PHASE_STRIP = NO;
				DEBUG_INFORMATION_FORMAT = dwarf;
				ENABLE_STRICT_OBJC_MSGSEND = YES;
				ENABLE_TESTABILITY = YES;
				GCC_C_LANGUAGE_STANDARD = gnu11;
				GCC_DYNAMIC_NO_PIC = NO;
				GCC_NO_COMMON_BLOCKS = YES;
				GCC_OPTIMIZATION_LEVEL = 0;
				GCC_PREPROCESSOR_DEFINITIONS = (
					"DEBUG=1",
					"$(inherited)",
				);
				GCC_WARN_64_TO_32_BIT_CONVERSION = YES;
				GCC_WARN_ABOUT_RETURN_TYPE = YES_ERROR;
				GCC_WARN_UNDECLARED_SELECTOR = YES;
				GCC_WARN_UNINITIALIZED_AUTOS = YES_AGGRESSIVE;
				GCC_WARN_UNUSED_FUNCTION = YES;
				GCC_WARN_UNUSED_VARIABLE = YES;
				IPHONEOS_DEPLOYMENT_TARGET = 15.4;
				MTL_ENABLE_DEBUG_INFO = INCLUDE_SOURCE;
				MTL_FAST_MATH = YES;
				ONLY_ACTIVE_ARCH = YES;
				SDKROOT = iphoneos;
				SWIFT_ACTIVE_COMPILATION_CONDITIONS = DEBUG;
				SWIFT_OPTIMIZATION_LEVEL = "-Onone";
			};
			name = Debug;
		};
		E4A92AD32805A4B10066B49A /* Release */ = {
			isa = XCBuildConfiguration;
			buildSettings = {
				ALWAYS_SEARCH_USER_PATHS = NO;
				CLANG_ANALYZER_NONNULL = YES;
				CLANG_ANALYZER_NUMBER_OBJECT_CONVERSION = YES_AGGRESSIVE;
				CLANG_CXX_LANGUAGE_STANDARD = "gnu++17";
				CLANG_ENABLE_MODULES = YES;
				CLANG_ENABLE_OBJC_ARC = YES;
				CLANG_ENABLE_OBJC_WEAK = YES;
				CLANG_WARN_BLOCK_CAPTURE_AUTORELEASING = YES;
				CLANG_WARN_BOOL_CONVERSION = YES;
				CLANG_WARN_COMMA = YES;
				CLANG_WARN_CONSTANT_CONVERSION = YES;
				CLANG_WARN_DEPRECATED_OBJC_IMPLEMENTATIONS = YES;
				CLANG_WARN_DIRECT_OBJC_ISA_USAGE = YES_ERROR;
				CLANG_WARN_DOCUMENTATION_COMMENTS = YES;
				CLANG_WARN_EMPTY_BODY = YES;
				CLANG_WARN_ENUM_CONVERSION = YES;
				CLANG_WARN_INFINITE_RECURSION = YES;
				CLANG_WARN_INT_CONVERSION = YES;
				CLANG_WARN_NON_LITERAL_NULL_CONVERSION = YES;
				CLANG_WARN_OBJC_IMPLICIT_RETAIN_SELF = YES;
				CLANG_WARN_OBJC_LITERAL_CONVERSION = YES;
				CLANG_WARN_OBJC_ROOT_CLASS = YES_ERROR;
				CLANG_WARN_QUOTED_INCLUDE_IN_FRAMEWORK_HEADER = YES;
				CLANG_WARN_RANGE_LOOP_ANALYSIS = YES;
				CLANG_WARN_STRICT_PROTOTYPES = YES;
				CLANG_WARN_SUSPICIOUS_MOVE = YES;
				CLANG_WARN_UNGUARDED_AVAILABILITY = YES_AGGRESSIVE;
				CLANG_WARN_UNREACHABLE_CODE = YES;
				CLANG_WARN__DUPLICATE_METHOD_MATCH = YES;
				COPY_PHASE_STRIP = NO;
				DEBUG_INFORMATION_FORMAT = "dwarf-with-dsym";
				ENABLE_NS_ASSERTIONS = NO;
				ENABLE_STRICT_OBJC_MSGSEND = YES;
				GCC_C_LANGUAGE_STANDARD = gnu11;
				GCC_NO_COMMON_BLOCKS = YES;
				GCC_WARN_64_TO_32_BIT_CONVERSION = YES;
				GCC_WARN_ABOUT_RETURN_TYPE = YES_ERROR;
				GCC_WARN_UNDECLARED_SELECTOR = YES;
				GCC_WARN_UNINITIALIZED_AUTOS = YES_AGGRESSIVE;
				GCC_WARN_UNUSED_FUNCTION = YES;
				GCC_WARN_UNUSED_VARIABLE = YES;
				IPHONEOS_DEPLOYMENT_TARGET = 15.4;
				MTL_ENABLE_DEBUG_INFO = NO;
				MTL_FAST_MATH = YES;
				SDKROOT = iphoneos;
				SWIFT_COMPILATION_MODE = wholemodule;
				SWIFT_OPTIMIZATION_LEVEL = "-O";
				VALIDATE_PRODUCT = YES;
			};
			name = Release;
		};
		E4A92AD52805A4B10066B49A /* Debug */ = {
			isa = XCBuildConfiguration;
			baseConfigurationReference = 4DACE5E0D85BCBC1B0493137 /* Pods-Weather App tech.debug.xcconfig */;
			buildSettings = {
				ASSETCATALOG_COMPILER_APPICON_NAME = AppIcon;
				ASSETCATALOG_COMPILER_GLOBAL_ACCENT_COLOR_NAME = AccentColor;
				CODE_SIGN_STYLE = Automatic;
				CURRENT_PROJECT_VERSION = 1;
				DEVELOPMENT_TEAM = 4297UD4G24;
				GENERATE_INFOPLIST_FILE = YES;
				INFOPLIST_FILE = "Weather App tech/Info.plist";
				INFOPLIST_KEY_NSLocationWhenInUseUsageDescription = "Please allow location to see local weather!";
				INFOPLIST_KEY_UIApplicationSupportsIndirectInputEvents = YES;
				INFOPLIST_KEY_UILaunchStoryboardName = LaunchScreen;
				INFOPLIST_KEY_UISupportedInterfaceOrientations_iPad = "UIInterfaceOrientationPortrait UIInterfaceOrientationPortraitUpsideDown UIInterfaceOrientationLandscapeLeft UIInterfaceOrientationLandscapeRight";
				INFOPLIST_KEY_UISupportedInterfaceOrientations_iPhone = "UIInterfaceOrientationPortrait UIInterfaceOrientationLandscapeLeft UIInterfaceOrientationLandscapeRight";
				LD_RUNPATH_SEARCH_PATHS = (
					"$(inherited)",
					"@executable_path/Frameworks",
				);
				MARKETING_VERSION = 1.0;
				PRODUCT_BUNDLE_IDENTIFIER = "anvar.Weather-App-tech";
				PRODUCT_NAME = "$(TARGET_NAME)";
				SWIFT_EMIT_LOC_STRINGS = YES;
				SWIFT_VERSION = 5.0;
				TARGETED_DEVICE_FAMILY = "1,2";
			};
			name = Debug;
		};
		E4A92AD62805A4B10066B49A /* Release */ = {
			isa = XCBuildConfiguration;
			baseConfigurationReference = DCA3D5F8867F3F4F5E3564AB /* Pods-Weather App tech.release.xcconfig */;
			buildSettings = {
				ASSETCATALOG_COMPILER_APPICON_NAME = AppIcon;
				ASSETCATALOG_COMPILER_GLOBAL_ACCENT_COLOR_NAME = AccentColor;
				CODE_SIGN_STYLE = Automatic;
				CURRENT_PROJECT_VERSION = 1;
				DEVELOPMENT_TEAM = 4297UD4G24;
				GENERATE_INFOPLIST_FILE = YES;
				INFOPLIST_FILE = "Weather App tech/Info.plist";
				INFOPLIST_KEY_NSLocationWhenInUseUsageDescription = "Please allow location to see local weather!";
				INFOPLIST_KEY_UIApplicationSupportsIndirectInputEvents = YES;
				INFOPLIST_KEY_UILaunchStoryboardName = LaunchScreen;
				INFOPLIST_KEY_UISupportedInterfaceOrientations_iPad = "UIInterfaceOrientationPortrait UIInterfaceOrientationPortraitUpsideDown UIInterfaceOrientationLandscapeLeft UIInterfaceOrientationLandscapeRight";
				INFOPLIST_KEY_UISupportedInterfaceOrientations_iPhone = "UIInterfaceOrientationPortrait UIInterfaceOrientationLandscapeLeft UIInterfaceOrientationLandscapeRight";
				LD_RUNPATH_SEARCH_PATHS = (
					"$(inherited)",
					"@executable_path/Frameworks",
				);
				MARKETING_VERSION = 1.0;
				PRODUCT_BUNDLE_IDENTIFIER = "anvar.Weather-App-tech";
				PRODUCT_NAME = "$(TARGET_NAME)";
				SWIFT_EMIT_LOC_STRINGS = YES;
				SWIFT_VERSION = 5.0;
				TARGETED_DEVICE_FAMILY = "1,2";
			};
			name = Release;
		};
/* End XCBuildConfiguration section */

/* Begin XCConfigurationList section */
		E4A92ABB2805A4B00066B49A /* Build configuration list for PBXProject "Weather App tech" */ = {
			isa = XCConfigurationList;
			buildConfigurations = (
				E4A92AD22805A4B10066B49A /* Debug */,
				E4A92AD32805A4B10066B49A /* Release */,
			);
			defaultConfigurationIsVisible = 0;
			defaultConfigurationName = Release;
		};
		E4A92AD42805A4B10066B49A /* Build configuration list for PBXNativeTarget "Weather App tech" */ = {
			isa = XCConfigurationList;
			buildConfigurations = (
				E4A92AD52805A4B10066B49A /* Debug */,
				E4A92AD62805A4B10066B49A /* Release */,
			);
			defaultConfigurationIsVisible = 0;
			defaultConfigurationName = Release;
		};
/* End XCConfigurationList section */
	};
	rootObject = E4A92AB82805A4B00066B49A /* Project object */;
}
